
Microsoft Visual Studio Solution File, Format Version 12.00
# Visual Studio 15
VisualStudioVersion = 15.0.27428.2027
MinimumVisualStudioVersion = 10.0.40219.1
Project("{9A19103F-16F7-4668-BE54-9A1E7A4F7556}") = "MyTools", "MyTools\MyTools.csproj", "{4B7FF1E4-B5A0-461C-9E47-261CE422AF6E}"
EndProject
Project("{FAE04EC0-301F-11D3-BF4B-00C04F79EFBC}") = "MyToolsTests", "MyToolsTests\MyToolsTests.csproj", "{A5561C7F-5E6F-4DFD-8F17-FAB9F2A0BFD2}"
EndProject
Global
	GlobalSection(SolutionConfigurationPlatforms) = preSolution
		Debug|Any CPU = Debug|Any CPU
		Release|Any CPU = Release|Any CPU
	EndGlobalSection
	GlobalSection(ProjectConfigurationPlatforms) = postSolution
		{4B7FF1E4-B5A0-461C-9E47-261CE422AF6E}.Debug|Any CPU.ActiveCfg = Debug|Any CPU
		{4B7FF1E4-B5A0-461C-9E47-261CE422AF6E}.Debug|Any CPU.Build.0 = Debug|Any CPU
		{4B7FF1E4-B5A0-461C-9E47-261CE422AF6E}.Release|Any CPU.ActiveCfg = Release|Any CPU
		{4B7FF1E4-B5A0-461C-9E47-261CE422AF6E}.Release|Any CPU.Build.0 = Release|Any CPU
		{A5561C7F-5E6F-4DFD-8F17-FAB9F2A0BFD2}.Debug|Any CPU.ActiveCfg = Debug|Any CPU
		{A5561C7F-5E6F-4DFD-8F17-FAB9F2A0BFD2}.Debug|Any CPU.Build.0 = Debug|Any CPU
		{A5561C7F-5E6F-4DFD-8F17-FAB9F2A0BFD2}.Release|Any CPU.ActiveCfg = Release|Any CPU
		{A5561C7F-5E6F-4DFD-8F17-FAB9F2A0BFD2}.Release|Any CPU.Build.0 = Release|Any CPU
	EndGlobalSection
	GlobalSection(SolutionProperties) = preSolution
		HideSolutionNode = FALSE
	EndGlobalSection
	GlobalSection(ExtensibilityGlobals) = postSolution
		SolutionGuid = {7063E248-4B36-4592-9373-0F9D0D4FE98D}
	EndGlobalSection
EndGlobal
